// !$*UTF8*$!
{
	archiveVersion = 1;
	classes = {
	};
	objectVersion = 46;
	objects = {

/* Begin PBXBuildFile section */
		037921E11DD770ED00752A68 /* AppDelegate.swift in Sources */ = {isa = PBXBuildFile; fileRef = 037921E01DD770ED00752A68 /* AppDelegate.swift */; };
		037921E31DD770ED00752A68 /* ViewController.swift in Sources */ = {isa = PBXBuildFile; fileRef = 037921E21DD770ED00752A68 /* ViewController.swift */; };
		037921E61DD770ED00752A68 /* Main.storyboard in Resources */ = {isa = PBXBuildFile; fileRef = 037921E41DD770ED00752A68 /* Main.storyboard */; };
		037921E81DD770ED00752A68 /* Assets.xcassets in Resources */ = {isa = PBXBuildFile; fileRef = 037921E71DD770ED00752A68 /* Assets.xcassets */; };
		037921EB1DD770ED00752A68 /* LaunchScreen.storyboard in Resources */ = {isa = PBXBuildFile; fileRef = 037921E91DD770ED00752A68 /* LaunchScreen.storyboard */; };
		037921F41DD773FE00752A68 /* MapKit.framework in Frameworks */ = {isa = PBXBuildFile; fileRef = 037921F31DD773FE00752A68 /* MapKit.framework */; };
		037921F61DD783CE00752A68 /* Pin.swift in Sources */ = {isa = PBXBuildFile; fileRef = 037921F51DD783CE00752A68 /* Pin.swift */; };
/* End PBXBuildFile section */

/* Begin PBXFileReference section */
		037921DD1DD770ED00752A68 /* Found.app */ = {isa = PBXFileReference; explicitFileType = wrapper.application; includeInIndex = 0; path = Found.app; sourceTree = BUILT_PRODUCTS_DIR; };
		037921E01DD770ED00752A68 /* AppDelegate.swift */ = {isa = PBXFileReference; lastKnownFileType = sourcecode.swift; path = AppDelegate.swift; sourceTree = "<group>"; };
		037921E21DD770ED00752A68 /* ViewController.swift */ = {isa = PBXFileReference; lastKnownFileType = sourcecode.swift; path = ViewController.swift; sourceTree = "<group>"; };
		037921E51DD770ED00752A68 /* Base */ = {isa = PBXFileReference; lastKnownFileType = file.storyboard; name = Base; path = Base.lproj/Main.storyboard; sourceTree = "<group>"; };
		037921E71DD770ED00752A68 /* Assets.xcassets */ = {isa = PBXFileReference; lastKnownFileType = folder.assetcatalog; path = Assets.xcassets; sourceTree = "<group>"; };
		037921EA1DD770ED00752A68 /* Base */ = {isa = PBXFileReference; lastKnownFileType = file.storyboard; name = Base; path = Base.lproj/LaunchScreen.storyboard; sourceTree = "<group>"; };
		037921EC1DD770ED00752A68 /* Info.plist */ = {isa = PBXFileReference; lastKnownFileType = text.plist.xml; path = Info.plist; sourceTree = "<group>"; };
		037921F31DD773FE00752A68 /* MapKit.framework */ = {isa = PBXFileReference; lastKnownFileType = wrapper.framework; name = MapKit.framework; path = System/Library/Frameworks/MapKit.framework; sourceTree = SDKROOT; };
		037921F51DD783CE00752A68 /* Pin.swift */ = {isa = PBXFileReference; fileEncoding = 4; lastKnownFileType = sourcecode.swift; path = Pin.swift; sourceTree = "<group>"; };
/* End PBXFileReference section */

/* Begin PBXFrameworksBuildPhase section */
		037921DA1DD770ED00752A68 /* Frameworks */ = {
			isa = PBXFrameworksBuildPhase;
			buildActionMask = 2147483647;
			files = (
				037921F41DD773FE00752A68 /* MapKit.framework in Frameworks */,
			);
			runOnlyForDeploymentPostprocessing = 0;
		};
/* End PBXFrameworksBuildPhase section */

/* Begin PBXGroup section */
		037921D41DD770ED00752A68 = {
			isa = PBXGroup;
			children = (
				037921DF1DD770ED00752A68 /* Found */,
				037921DE1DD770ED00752A68 /* Products */,
				037921F21DD773FE00752A68 /* Frameworks */,
			);
			sourceTree = "<group>";
		};
		037921DE1DD770ED00752A68 /* Products */ = {
			isa = PBXGroup;
			children = (
				037921DD1DD770ED00752A68 /* Found.app */,
			);
			name = Products;
			sourceTree = "<group>";
		};
		037921DF1DD770ED00752A68 /* Found */ = {
			isa = PBXGroup;
			children = (
				037921E01DD770ED00752A68 /* AppDelegate.swift */,
				037921E21DD770ED00752A68 /* ViewController.swift */,
				037921F51DD783CE00752A68 /* Pin.swift */,
				037921E41DD770ED00752A68 /* Main.storyboard */,
				037921E71DD770ED00752A68 /* Assets.xcassets */,
				037921E91DD770ED00752A68 /* LaunchScreen.storyboard */,
				037921EC1DD770ED00752A68 /* Info.plist */,
			);
			path = Found;
			sourceTree = "<group>";
		};
		037921F21DD773FE00752A68 /* Frameworks */ = {
			isa = PBXGroup;
			children = (
				037921F31DD773FE00752A68 /* MapKit.framework */,
			);
			name = Frameworks;
			sourceTree = "<group>";
		};
/* End PBXGroup section */

/* Begin PBXNativeTarget section */
		037921DC1DD770ED00752A68 /* Found */ = {
			isa = PBXNativeTarget;
			buildConfigurationList = 037921EF1DD770ED00752A68 /* Build configuration list for PBXNativeTarget "Found" */;
			buildPhases = (
				037921D91DD770ED00752A68 /* Sources */,
				037921DA1DD770ED00752A68 /* Frameworks */,
				037921DB1DD770ED00752A68 /* Resources */,
			);
			buildRules = (
			);
			dependencies = (
			);
			name = Found;
			productName = Found;
			productReference = 037921DD1DD770ED00752A68 /* Found.app */;
			productType = "com.apple.product-type.application";
		};
/* End PBXNativeTarget section */

/* Begin PBXProject section */
		037921D51DD770ED00752A68 /* Project object */ = {
			isa = PBXProject;
			attributes = {
				LastSwiftUpdateCheck = 0810;
				LastUpgradeCheck = 0810;
				ORGANIZATIONNAME = m4rr;
				TargetAttributes = {
					037921DC1DD770ED00752A68 = {
						CreatedOnToolsVersion = 8.1;
						DevelopmentTeam = Y5P7AX9UM2;
						ProvisioningStyle = Automatic;
					};
				};
			};
			buildConfigurationList = 037921D81DD770ED00752A68 /* Build configuration list for PBXProject "Found" */;
			compatibilityVersion = "Xcode 3.2";
			developmentRegion = English;
			hasScannedForEncodings = 0;
			knownRegions = (
				en,
				Base,
			);
			mainGroup = 037921D41DD770ED00752A68;
			productRefGroup = 037921DE1DD770ED00752A68 /* Products */;
			projectDirPath = "";
			projectRoot = "";
			targets = (
				037921DC1DD770ED00752A68 /* Found */,
			);
		};
/* End PBXProject section */

/* Begin PBXResourcesBuildPhase section */
		037921DB1DD770ED00752A68 /* Resources */ = {
			isa = PBXResourcesBuildPhase;
			buildActionMask = 2147483647;
			files = (
				037921EB1DD770ED00752A68 /* LaunchScreen.storyboard in Resources */,
				037921E81DD770ED00752A68 /* Assets.xcassets in Resources */,
				037921E61DD770ED00752A68 /* Main.storyboard in Resources */,
			);
			runOnlyForDeploymentPostprocessing = 0;
		};
/* End PBXResourcesBuildPhase section */

/* Begin PBXSourcesBuildPhase section */
		037921D91DD770ED00752A68 /* Sources */ = {
			isa = PBXSourcesBuildPhase;
			buildActionMask = 2147483647;
			files = (
				037921F61DD783CE00752A68 /* Pin.swift in Sources */,
				037921E31DD770ED00752A68 /* ViewController.swift in Sources */,
				037921E11DD770ED00752A68 /* AppDelegate.swift in Sources */,
			);
			runOnlyForDeploymentPostprocessing = 0;
		};
/* End PBXSourcesBuildPhase section */

/* Begin PBXVariantGroup section */
		037921E41DD770ED00752A68 /* Main.storyboard */ = {
			isa = PBXVariantGroup;
			children = (
				037921E51DD770ED00752A68 /* Base */,
			);
			name = Main.storyboard;
			sourceTree = "<group>";
		};
		037921E91DD770ED00752A68 /* LaunchScreen.storyboard */ = {
			isa = PBXVariantGroup;
			children = (
				037921EA1DD770ED00752A68 /* Base */,
			);
			name = LaunchScreen.storyboard;
			sourceTree = "<group>";
		};
/* End PBXVariantGroup section */

/* Begin XCBuildConfiguration section */
		037921ED1DD770ED00752A68 /* Debug */ = {
			isa = XCBuildConfiguration;
			buildSettings = {
				ALWAYS_SEARCH_USER_PATHS = NO;
				CLANG_ANALYZER_NONNULL = YES;
				CLANG_CXX_LANGUAGE_STANDARD = "gnu++0x";
				CLANG_CXX_LIBRARY = "libc++";
				CLANG_ENABLE_MODULES = YES;
				CLANG_ENABLE_OBJC_ARC = YES;
				CLANG_WARN_BOOL_CONVERSION = YES;
				CLANG_WARN_CONSTANT_CONVERSION = YES;
				CLANG_WARN_DIRECT_OBJC_ISA_USAGE = YES_ERROR;
				CLANG_WARN_DOCUMENTATION_COMMENTS = YES;
				CLANG_WARN_EMPTY_BODY = YES;
				CLANG_WARN_ENUM_CONVERSION = YES;
				CLANG_WARN_INFINITE_RECURSION = YES;
				CLANG_WARN_INT_CONVERSION = YES;
				CLANG_WARN_OBJC_ROOT_CLASS = YES_ERROR;
				CLANG_WARN_SUSPICIOUS_MOVES = YES;
				CLANG_WARN_UNREACHABLE_CODE = YES;
				CLANG_WARN__DUPLICATE_METHOD_MATCH = YES;
				"CODE_SIGN_IDENTITY[sdk=iphoneos*]" = "iPhone Developer";
				COPY_PHASE_STRIP = NO;
				DEBUG_INFORMATION_FORMAT = dwarf;
				ENABLE_STRICT_OBJC_MSGSEND = YES;
				ENABLE_TESTABILITY = YES;
				GCC_C_LANGUAGE_STANDARD = gnu99;
				GCC_DYNAMIC_NO_PIC = NO;
				GCC_NO_COMMON_BLOCKS = YES;
				GCC_OPTIMIZATION_LEVEL = 0;
				GCC_PREPROCESSOR_DEFINITIONS = (
					"DEBUG=1",
					"$(inherited)",
				);
				GCC_WARN_64_TO_32_BIT_CONVERSION = YES;
				GCC_WARN_ABOUT_RETURN_TYPE = YES_ERROR;
				GCC_WARN_UNDECLARED_SELECTOR = YES;
				GCC_WARN_UNINITIALIZED_AUTOS = YES_AGGRESSIVE;
				GCC_WARN_UNUSED_FUNCTION = YES;
				GCC_WARN_UNUSED_VARIABLE = YES;
				IPHONEOS_DEPLOYMENT_TARGET = 10.1;
				MTL_ENABLE_DEBUG_INFO = YES;
				ONLY_ACTIVE_ARCH = YES;
				SDKROOT = iphoneos;
				SWIFT_ACTIVE_COMPILATION_CONDITIONS = DEBUG;
				SWIFT_OPTIMIZATION_LEVEL = "-Onone";
			};
			name = Debug;
		};
		037921EE1DD770ED00752A68 /* Release */ = {
			isa = XCBuildConfiguration;
			buildSettings = {
				ALWAYS_SEARCH_USER_PATHS = NO;
				CLANG_ANALYZER_NONNULL = YES;
				CLANG_CXX_LANGUAGE_STANDARD = "gnu++0x";
				CLANG_CXX_LIBRARY = "libc++";
				CLANG_ENABLE_MODULES = YES;
				CLANG_ENABLE_OBJC_ARC = YES;
				CLANG_WARN_BOOL_CONVERSION = YES;
				CLANG_WARN_CONSTANT_CONVERSION = YES;
				CLANG_WARN_DIRECT_OBJC_ISA_USAGE = YES_ERROR;
				CLANG_WARN_DOCUMENTATION_COMMENTS = YES;
				CLANG_WARN_EMPTY_BODY = YES;
				CLANG_WARN_ENUM_CONVERSION = YES;
				CLANG_WARN_INFINITE_RECURSION = YES;
				CLANG_WARN_INT_CONVERSION = YES;
				CLANG_WARN_OBJC_ROOT_CLASS = YES_ERROR;
				CLANG_WARN_SUSPICIOUS_MOVES = YES;
				CLANG_WARN_UNREACHABLE_CODE = YES;
				CLANG_WARN__DUPLICATE_METHOD_MATCH = YES;
				"CODE_SIGN_IDENTITY[sdk=iphoneos*]" = "iPhone Developer";
				COPY_PHASE_STRIP = NO;
				DEBUG_INFORMATION_FORMAT = "dwarf-with-dsym";
				ENABLE_NS_ASSERTIONS = NO;
				ENABLE_STRICT_OBJC_MSGSEND = YES;
				GCC_C_LANGUAGE_STANDARD = gnu99;
				GCC_NO_COMMON_BLOCKS = YES;
				GCC_WARN_64_TO_32_BIT_CONVERSION = YES;
				GCC_WARN_ABOUT_RETURN_TYPE = YES_ERROR;
				GCC_WARN_UNDECLARED_SELECTOR = YES;
				GCC_WARN_UNINITIALIZED_AUTOS = YES_AGGRESSIVE;
				GCC_WARN_UNUSED_FUNCTION = YES;
				GCC_WARN_UNUSED_VARIABLE = YES;
				IPHONEOS_DEPLOYMENT_TARGET = 10.1;
				MTL_ENABLE_DEBUG_INFO = NO;
				SDKROOT = iphoneos;
				SWIFT_OPTIMIZATION_LEVEL = "-Owholemodule";
				VALIDATE_PRODUCT = YES;
			};
			name = Release;
		};
		037921F01DD770ED00752A68 /* Debug */ = {
			isa = XCBuildConfiguration;
			buildSettings = {
				ASSETCATALOG_COMPILER_APPICON_NAME = AppIcon;
				DEVELOPMENT_TEAM = Y5P7AX9UM2;
				INFOPLIST_FILE = Found/Info.plist;
				LD_RUNPATH_SEARCH_PATHS = "$(inherited) @executable_path/Frameworks";
				PRODUCT_BUNDLE_IDENTIFIER = com.m4rr.Found;
				PRODUCT_NAME = "$(TARGET_NAME)";
				SWIFT_VERSION = 3.0;
			};
			name = Debug;
		};
		037921F11DD770ED00752A68 /* Release */ = {
			isa = XCBuildConfiguration;
			buildSettings = {
				ASSETCATALOG_COMPILER_APPICON_NAME = AppIcon;
				DEVELOPMENT_TEAM = Y5P7AX9UM2;
				INFOPLIST_FILE = Found/Info.plist;
				LD_RUNPATH_SEARCH_PATHS = "$(inherited) @executable_path/Frameworks";
				PRODUCT_BUNDLE_IDENTIFIER = com.m4rr.Found;
				PRODUCT_NAME = "$(TARGET_NAME)";
				SWIFT_VERSION = 3.0;
			};
			name = Release;
		};
/* End XCBuildConfiguration section */

/* Begin XCConfigurationList section */
		037921D81DD770ED00752A68 /* Build configuration list for PBXProject "Found" */ = {
			isa = XCConfigurationList;
			buildConfigurations = (
				037921ED1DD770ED00752A68 /* Debug */,
				037921EE1DD770ED00752A68 /* Release */,
			);
			defaultConfigurationIsVisible = 0;
			defaultConfigurationName = Release;
		};
		037921EF1DD770ED00752A68 /* Build configuration list for PBXNativeTarget "Found" */ = {
			isa = XCConfigurationList;
			buildConfigurations = (
				037921F01DD770ED00752A68 /* Debug */,
				037921F11DD770ED00752A68 /* Release */,
			);
			defaultConfigurationIsVisible = 0;
		};
/* End XCConfigurationList section */
	};
	rootObject = 037921D51DD770ED00752A68 /* Project object */;
}
