PODS:
  - Alamofire (3.4.1)
  - Answers (1.2.2):
    - Fabric (~> 1.6.3)
  - Fabric (1.6.8)

DEPENDENCIES:
  - Alamofire (~> 3.4)
  - Answers
  - Fabric

SPEC CHECKSUMS:
  Alamofire: 01a82e2f6c0f860ade35534c8dd88be61bdef40c
  Answers: eadd7ab71acc55c2efc15d63394cc0f8aaee1f53
  Fabric: 5755268d0171435ab167e3d0878a28a777deaf10

PODFILE CHECKSUM: ded72c8587d5a8acd0c7d6cdef23c2f43ec5c33b

COCOAPODS: 1.0.1
